# This file is autogenerated, do not edit; changes may be undone by the next 'dep ensure'.


[[projects]]
  branch = "master"
  name = "github.com/globalsign/mgo"
  packages = [
    ".",
    "bson",
    "internal/json",
    "internal/sasl",
    "internal/scram"
  ]
  revision = "eeefdecb41b842af6dc652aaea4026e8403e62df"

[solve-meta]
  analyzer-name = "dep"
  analyzer-version = 1
  inputs-digest = "d99b6ce8681da8d5e5c5841fa82ceb9dda4942094b1e6b84ac22068ab8b3eb47"
  solver-name = "gps-cdcl"
  solver-version = 1
